
Microsoft Visual Studio Solution File, Format Version 12.00
# Visual Studio Version 16
VisualStudioVersion = 16.0.29911.84
MinimumVisualStudioVersion = 10.0.40219.1
Project("{9A19103F-16F7-4668-BE54-9A1E7A4F7556}") = "Rechner", "Klassen\Rechner.csproj", "{BABB5CF4-0C7F-44AF-A7F2-3F91F432AF3B}"
EndProject
Global
	GlobalSection(SolutionConfigurationPlatforms) = preSolution
		Debug|Any CPU = Debug|Any CPU
		Release|Any CPU = Release|Any CPU
	EndGlobalSection
	GlobalSection(ProjectConfigurationPlatforms) = postSolution
		{BABB5CF4-0C7F-44AF-A7F2-3F91F432AF3B}.Debug|Any CPU.ActiveCfg = Debug|Any CPU
		{BABB5CF4-0C7F-44AF-A7F2-3F91F432AF3B}.Debug|Any CPU.Build.0 = Debug|Any CPU
		{BABB5CF4-0C7F-44AF-A7F2-3F91F432AF3B}.Release|Any CPU.ActiveCfg = Release|Any CPU
		{BABB5CF4-0C7F-44AF-A7F2-3F91F432AF3B}.Release|Any CPU.Build.0 = Release|Any CPU
	EndGlobalSection
	GlobalSection(SolutionProperties) = preSolution
		HideSolutionNode = FALSE
	EndGlobalSection
	GlobalSection(ExtensibilityGlobals) = postSolution
		SolutionGuid = {0A8F8427-3EBE-4D12-BA87-2CFBBA180977}
	EndGlobalSection
EndGlobal
